
Microsoft Visual Studio Solution File, Format Version 12.00
# Visual Studio 15
VisualStudioVersion = 15.0.26730.12
MinimumVisualStudioVersion = 10.0.40219.1
Project("{9A19103F-16F7-4668-BE54-9A1E7A4F7556}") = "CarNBusAPI", "CarNBusAPI\CarNBusAPI.csproj", "{43BCE2F2-658B-4CFC-97AD-7210A9D67A85}"
EndProject
Project("{9A19103F-16F7-4668-BE54-9A1E7A4F7556}") = "CarNBusAPITest", "CarNBusAPITest\CarNBusAPITest.csproj", "{00A57667-EADF-46EF-B179-4FAB0FF23958}"
EndProject
Global
	GlobalSection(SolutionConfigurationPlatforms) = preSolution
		Debug|Any CPU = Debug|Any CPU
		Release|Any CPU = Release|Any CPU
	EndGlobalSection
	GlobalSection(ProjectConfigurationPlatforms) = postSolution
		{43BCE2F2-658B-4CFC-97AD-7210A9D67A85}.Debug|Any CPU.ActiveCfg = Debug|Any CPU
		{43BCE2F2-658B-4CFC-97AD-7210A9D67A85}.Debug|Any CPU.Build.0 = Debug|Any CPU
		{43BCE2F2-658B-4CFC-97AD-7210A9D67A85}.Release|Any CPU.ActiveCfg = Release|Any CPU
		{43BCE2F2-658B-4CFC-97AD-7210A9D67A85}.Release|Any CPU.Build.0 = Release|Any CPU
		{00A57667-EADF-46EF-B179-4FAB0FF23958}.Debug|Any CPU.ActiveCfg = Debug|Any CPU
		{00A57667-EADF-46EF-B179-4FAB0FF23958}.Debug|Any CPU.Build.0 = Debug|Any CPU
		{00A57667-EADF-46EF-B179-4FAB0FF23958}.Release|Any CPU.ActiveCfg = Release|Any CPU
		{00A57667-EADF-46EF-B179-4FAB0FF23958}.Release|Any CPU.Build.0 = Release|Any CPU
	EndGlobalSection
	GlobalSection(SolutionProperties) = preSolution
		HideSolutionNode = FALSE
	EndGlobalSection
	GlobalSection(ExtensibilityGlobals) = postSolution
		SolutionGuid = {88C8A794-D372-43E3-8647-492F796FCD69}
	EndGlobalSection
EndGlobal
